github.com/csmith/envflag/v2 v2.0.0 h1:jho28W/psEqJ02EdbUHmkmFpbc5HFhog6NzHRbgtIFg=
github.com/csmith/envflag/v2 v2.0.0/go.mod h1:GNzzXvZ2bC3z6tdoO45mTrs7l4Uht2WfBKaF1KQu0Pk=
github.com/csmith/middleware v0.0.0-20250918114846-df5fee4070c1 h1:u8DaV0ImwrQPaywKuryDrGD8sHxfLPekjF2u2XYPn0o=
github.com/csmith/middleware v0.0.0-20250918114846-df5fee4070c1/go.mod h1:V/uo4NI+SvFNMglt/e8Ho5BNPNRw/D95Cu7fkEMLyR8=
github.com/csmith/slogflags v1.1.0 h1:HHRIjCq8Oorh0IycjHbqBYECQ778Ay1OYNr+c/WQf8g=
github.com/csmith/slogflags v1.1.0/go.mod h1:M8Q+BmnQItanz/rs2tO5J6bgt4lZZQJiu2EWTO2aEzA=
github.com/davecgh/go-spew v1.1.1 h1:vj9j/u1bqnvCEfJOwUhtlOARqs3+rkHYY13jYWTU97c=
github.com/davecgh/go-spew v1.1.1/go.mod h1:J7Y8YcW2NihsgmVo/mv3lAwl/skON4iLHjSsI+c5H38=
github.com/pmezard/go-difflib v1.0.0 h1:4DBwDE0NGyQoBHbLQYPwSUPoCMWR5BEzIk/f1lZbAQM=
github.com/pmezard/go-difflib v1.0.0/go.mod h1:iKH77koFhYxTK1pcRnkKkqfTogsbg7gZNVY4sRDYZ/4=
github.com/stretchr/testify v1.11.1 h1:7s2iGBzp5EwR7/aIZr8ao5+dra3wiQyKjjFuvgVKu7U=
github.com/stretchr/testify v1.11.1/go.mod h1:wZwfW3scLgRK+23gO65QZefKpKQRnfz6sD981Nm4B6U=
gopkg.in/yaml.v3 v3.0.1 h1:fxVm/GzAzEWqLHuvctI91KS9hhNmmWOoWu0XTYJS7CA=
gopkg.in/yaml.v3 v3.0.1/go.mod h1:K4uyk7z7BCEPqu6E+C64Yfv1cQ7kz7rIZviUmN+EgEM=
